
Microsoft Visual Studio Solution File, Format Version 12.00
# Visual Studio Version 17
VisualStudioVersion = 17.0.31903.59
MinimumVisualStudioVersion = 10.0.40219.1
Project("{2150E333-8FDC-42A3-9474-1A3956D46DE8}") = "src", "src", "{C75D8743-7F73-4C0B-9599-BA1981C6D7D7}"
EndProject
Project("{2150E333-8FDC-42A3-9474-1A3956D46DE8}") = "test", "test", "{F978441E-F36D-4F66-B9A0-2BE7F6961CDC}"
EndProject
Project("{9A19103F-16F7-4668-BE54-9A1E7A4F7556}") = "Grpc.Service", "src\Grpc.Service\Grpc.Service.csproj", "{85915999-677B-4953-9BC4-B3FB1641499C}"
EndProject
Project("{9A19103F-16F7-4668-BE54-9A1E7A4F7556}") = "Grpc.Client", "src\Grpc.Client\Grpc.Client.csproj", "{4F92C5F1-143E-47FF-8CCF-52864D3F5082}"
EndProject
Project("{9A19103F-16F7-4668-BE54-9A1E7A4F7556}") = "Grpc.Test", "test\Grpc.Test\Grpc.Test.csproj", "{831BFC01-4645-4244-84A4-CAF995EAB49F}"
EndProject
Global
	GlobalSection(SolutionConfigurationPlatforms) = preSolution
		Debug|Any CPU = Debug|Any CPU
		Release|Any CPU = Release|Any CPU
	EndGlobalSection
	GlobalSection(ProjectConfigurationPlatforms) = postSolution
		{85915999-677B-4953-9BC4-B3FB1641499C}.Debug|Any CPU.ActiveCfg = Debug|Any CPU
		{85915999-677B-4953-9BC4-B3FB1641499C}.Debug|Any CPU.Build.0 = Debug|Any CPU
		{85915999-677B-4953-9BC4-B3FB1641499C}.Release|Any CPU.ActiveCfg = Release|Any CPU
		{85915999-677B-4953-9BC4-B3FB1641499C}.Release|Any CPU.Build.0 = Release|Any CPU
		{4F92C5F1-143E-47FF-8CCF-52864D3F5082}.Debug|Any CPU.ActiveCfg = Debug|Any CPU
		{4F92C5F1-143E-47FF-8CCF-52864D3F5082}.Debug|Any CPU.Build.0 = Debug|Any CPU
		{4F92C5F1-143E-47FF-8CCF-52864D3F5082}.Release|Any CPU.ActiveCfg = Release|Any CPU
		{4F92C5F1-143E-47FF-8CCF-52864D3F5082}.Release|Any CPU.Build.0 = Release|Any CPU
		{831BFC01-4645-4244-84A4-CAF995EAB49F}.Debug|Any CPU.ActiveCfg = Debug|Any CPU
		{831BFC01-4645-4244-84A4-CAF995EAB49F}.Debug|Any CPU.Build.0 = Debug|Any CPU
		{831BFC01-4645-4244-84A4-CAF995EAB49F}.Release|Any CPU.ActiveCfg = Release|Any CPU
		{831BFC01-4645-4244-84A4-CAF995EAB49F}.Release|Any CPU.Build.0 = Release|Any CPU
	EndGlobalSection
	GlobalSection(SolutionProperties) = preSolution
		HideSolutionNode = FALSE
	EndGlobalSection
	GlobalSection(NestedProjects) = preSolution
		{85915999-677B-4953-9BC4-B3FB1641499C} = {C75D8743-7F73-4C0B-9599-BA1981C6D7D7}
		{4F92C5F1-143E-47FF-8CCF-52864D3F5082} = {C75D8743-7F73-4C0B-9599-BA1981C6D7D7}
		{831BFC01-4645-4244-84A4-CAF995EAB49F} = {F978441E-F36D-4F66-B9A0-2BE7F6961CDC}
	EndGlobalSection
	GlobalSection(ExtensibilityGlobals) = postSolution
		SolutionGuid = {DE9B3B19-C191-4E09-92F8-AB10095F5595}
	EndGlobalSection
EndGlobal
